
Microsoft Visual Studio Solution File, Format Version 12.00
# Visual Studio Version 17
VisualStudioVersion = 17.4.33006.217
MinimumVisualStudioVersion = 10.0.40219.1
Project("{9A19103F-16F7-4668-BE54-9A1E7A4F7556}") = "LXMacros", "LXMacros\LXMacros.csproj", "{8CA704CB-F58F-480D-8A57-519BF43ABF54}"
EndProject
Global
	GlobalSection(SolutionConfigurationPlatforms) = preSolution
		Debug|Any CPU = Debug|Any CPU
		Release|Any CPU = Release|Any CPU
	EndGlobalSection
	GlobalSection(ProjectConfigurationPlatforms) = postSolution
		{8CA704CB-F58F-480D-8A57-519BF43ABF54}.Debug|Any CPU.ActiveCfg = Debug|Any CPU
		{8CA704CB-F58F-480D-8A57-519BF43ABF54}.Debug|Any CPU.Build.0 = Debug|Any CPU
		{8CA704CB-F58F-480D-8A57-519BF43ABF54}.Release|Any CPU.ActiveCfg = Release|Any CPU
		{8CA704CB-F58F-480D-8A57-519BF43ABF54}.Release|Any CPU.Build.0 = Release|Any CPU
	EndGlobalSection
	GlobalSection(SolutionProperties) = preSolution
		HideSolutionNode = FALSE
	EndGlobalSection
	GlobalSection(ExtensibilityGlobals) = postSolution
		SolutionGuid = {81415E7A-B21A-46F4-96DA-6BCF460F6AE2}
	EndGlobalSection
EndGlobal
